// !$*UTF8*$!
{
	archiveVersion = 1;
	classes = {
	};
	objectVersion = 50;
	objects = {

/* Begin PBXBuildFile section */
		841D750F21134AD70026A6CA /* AppDelegate.swift in Sources */ = {isa = PBXBuildFile; fileRef = 841D750E21134AD70026A6CA /* AppDelegate.swift */; };
		841D751121134AD70026A6CA /* ViewController.swift in Sources */ = {isa = PBXBuildFile; fileRef = 841D751021134AD70026A6CA /* ViewController.swift */; };
		841D751421134AD70026A6CA /* Main.storyboard in Resources */ = {isa = PBXBuildFile; fileRef = 841D751221134AD70026A6CA /* Main.storyboard */; };
		841D751621134AD90026A6CA /* Assets.xcassets in Resources */ = {isa = PBXBuildFile; fileRef = 841D751521134AD90026A6CA /* Assets.xcassets */; };
		841D751921134AD90026A6CA /* LaunchScreen.storyboard in Resources */ = {isa = PBXBuildFile; fileRef = 841D751721134AD90026A6CA /* LaunchScreen.storyboard */; };
		841D752121134B410026A6CA /* GoogleService-Info.plist in Resources */ = {isa = PBXBuildFile; fileRef = 841D752021134B410026A6CA /* GoogleService-Info.plist */; };
		93E4A61ACE942C8C70011E42 /* Pods_FibasePush.framework in Frameworks */ = {isa = PBXBuildFile; fileRef = A3D039E6DD4C21E7B8A9281F /* Pods_FibasePush.framework */; };
/* End PBXBuildFile section */

/* Begin PBXFileReference section */
		3192D8599F758AE4AD88542F /* Pods-FibasePush.debug.xcconfig */ = {isa = PBXFileReference; includeInIndex = 1; lastKnownFileType = text.xcconfig; name = "Pods-FibasePush.debug.xcconfig"; path = "Pods/Target Support Files/Pods-FibasePush/Pods-FibasePush.debug.xcconfig"; sourceTree = "<group>"; };
		841D750B21134AD70026A6CA /* FibasePush.app */ = {isa = PBXFileReference; explicitFileType = wrapper.application; includeInIndex = 0; path = FibasePush.app; sourceTree = BUILT_PRODUCTS_DIR; };
		841D750E21134AD70026A6CA /* AppDelegate.swift */ = {isa = PBXFileReference; lastKnownFileType = sourcecode.swift; path = AppDelegate.swift; sourceTree = "<group>"; };
		841D751021134AD70026A6CA /* ViewController.swift */ = {isa = PBXFileReference; lastKnownFileType = sourcecode.swift; path = ViewController.swift; sourceTree = "<group>"; };
		841D751321134AD70026A6CA /* Base */ = {isa = PBXFileReference; lastKnownFileType = file.storyboard; name = Base; path = Base.lproj/Main.storyboard; sourceTree = "<group>"; };
		841D751521134AD90026A6CA /* Assets.xcassets */ = {isa = PBXFileReference; lastKnownFileType = folder.assetcatalog; path = Assets.xcassets; sourceTree = "<group>"; };
		841D751821134AD90026A6CA /* Base */ = {isa = PBXFileReference; lastKnownFileType = file.storyboard; name = Base; path = Base.lproj/LaunchScreen.storyboard; sourceTree = "<group>"; };
		841D751A21134AD90026A6CA /* Info.plist */ = {isa = PBXFileReference; lastKnownFileType = text.plist.xml; path = Info.plist; sourceTree = "<group>"; };
		841D752021134B410026A6CA /* GoogleService-Info.plist */ = {isa = PBXFileReference; fileEncoding = 4; lastKnownFileType = text.plist.xml; path = "GoogleService-Info.plist"; sourceTree = "<group>"; };
		A3D039E6DD4C21E7B8A9281F /* Pods_FibasePush.framework */ = {isa = PBXFileReference; explicitFileType = wrapper.framework; includeInIndex = 0; path = Pods_FibasePush.framework; sourceTree = BUILT_PRODUCTS_DIR; };
		F2ED3DC141F14F0EB707C8FC /* Pods-FibasePush.release.xcconfig */ = {isa = PBXFileReference; includeInIndex = 1; lastKnownFileType = text.xcconfig; name = "Pods-FibasePush.release.xcconfig"; path = "Pods/Target Support Files/Pods-FibasePush/Pods-FibasePush.release.xcconfig"; sourceTree = "<group>"; };
/* End PBXFileReference section */

/* Begin PBXFrameworksBuildPhase section */
		841D750821134AD70026A6CA /* Frameworks */ = {
			isa = PBXFrameworksBuildPhase;
			buildActionMask = 2147483647;
			files = (
				93E4A61ACE942C8C70011E42 /* Pods_FibasePush.framework in Frameworks */,
			);
			runOnlyForDeploymentPostprocessing = 0;
		};
/* End PBXFrameworksBuildPhase section */

/* Begin PBXGroup section */
		510412D9A77007B5E5D5A105 /* Pods */ = {
			isa = PBXGroup;
			children = (
				3192D8599F758AE4AD88542F /* Pods-FibasePush.debug.xcconfig */,
				F2ED3DC141F14F0EB707C8FC /* Pods-FibasePush.release.xcconfig */,
			);
			name = Pods;
			sourceTree = "<group>";
		};
		740414F16935B3187A7E90D1 /* Frameworks */ = {
			isa = PBXGroup;
			children = (
				A3D039E6DD4C21E7B8A9281F /* Pods_FibasePush.framework */,
			);
			name = Frameworks;
			sourceTree = "<group>";
		};
		841D750221134AD70026A6CA = {
			isa = PBXGroup;
			children = (
				841D750D21134AD70026A6CA /* FibasePush */,
				841D750C21134AD70026A6CA /* Products */,
				510412D9A77007B5E5D5A105 /* Pods */,
				740414F16935B3187A7E90D1 /* Frameworks */,
			);
			sourceTree = "<group>";
		};
		841D750C21134AD70026A6CA /* Products */ = {
			isa = PBXGroup;
			children = (
				841D750B21134AD70026A6CA /* FibasePush.app */,
			);
			name = Products;
			sourceTree = "<group>";
		};
		841D750D21134AD70026A6CA /* FibasePush */ = {
			isa = PBXGroup;
			children = (
				841D750E21134AD70026A6CA /* AppDelegate.swift */,
				841D751021134AD70026A6CA /* ViewController.swift */,
				841D751221134AD70026A6CA /* Main.storyboard */,
				841D751521134AD90026A6CA /* Assets.xcassets */,
				841D751721134AD90026A6CA /* LaunchScreen.storyboard */,
				841D751A21134AD90026A6CA /* Info.plist */,
				841D752021134B410026A6CA /* GoogleService-Info.plist */,
			);
			path = FibasePush;
			sourceTree = "<group>";
		};
/* End PBXGroup section */

/* Begin PBXNativeTarget section */
		841D750A21134AD70026A6CA /* FibasePush */ = {
			isa = PBXNativeTarget;
			buildConfigurationList = 841D751D21134AD90026A6CA /* Build configuration list for PBXNativeTarget "FibasePush" */;
			buildPhases = (
				E238D1BC22D9CEE23CCD1B0E /* [CP] Check Pods Manifest.lock */,
				841D750721134AD70026A6CA /* Sources */,
				841D750821134AD70026A6CA /* Frameworks */,
				841D750921134AD70026A6CA /* Resources */,
				CDE8A493852A9349467A7740 /* [CP] Embed Pods Frameworks */,
			);
			buildRules = (
			);
			dependencies = (
			);
			name = FibasePush;
			productName = FibasePush;
			productReference = 841D750B21134AD70026A6CA /* FibasePush.app */;
			productType = "com.apple.product-type.application";
		};
/* End PBXNativeTarget section */

/* Begin PBXProject section */
		841D750321134AD70026A6CA /* Project object */ = {
			isa = PBXProject;
			attributes = {
				LastSwiftUpdateCheck = 0940;
				LastUpgradeCheck = 0940;
				ORGANIZATIONNAME = Admin;
				TargetAttributes = {
					841D750A21134AD70026A6CA = {
						CreatedOnToolsVersion = 9.4.1;
					};
				};
			};
			buildConfigurationList = 841D750621134AD70026A6CA /* Build configuration list for PBXProject "FibasePush" */;
			compatibilityVersion = "Xcode 9.3";
			developmentRegion = en;
			hasScannedForEncodings = 0;
			knownRegions = (
				en,
				Base,
			);
			mainGroup = 841D750221134AD70026A6CA;
			productRefGroup = 841D750C21134AD70026A6CA /* Products */;
			projectDirPath = "";
			projectRoot = "";
			targets = (
				841D750A21134AD70026A6CA /* FibasePush */,
			);
		};
/* End PBXProject section */

/* Begin PBXResourcesBuildPhase section */
		841D750921134AD70026A6CA /* Resources */ = {
			isa = PBXResourcesBuildPhase;
			buildActionMask = 2147483647;
			files = (
				841D751921134AD90026A6CA /* LaunchScreen.storyboard in Resources */,
				841D752121134B410026A6CA /* GoogleService-Info.plist in Resources */,
				841D751621134AD90026A6CA /* Assets.xcassets in Resources */,
				841D751421134AD70026A6CA /* Main.storyboard in Resources */,
			);
			runOnlyForDeploymentPostprocessing = 0;
		};
/* End PBXResourcesBuildPhase section */

/* Begin PBXShellScriptBuildPhase section */
		CDE8A493852A9349467A7740 /* [CP] Embed Pods Frameworks */ = {
			isa = PBXShellScriptBuildPhase;
			buildActionMask = 2147483647;
			files = (
			);
			inputPaths = (
				"${SRCROOT}/Pods/Target Support Files/Pods-FibasePush/Pods-FibasePush-frameworks.sh",
				"${BUILT_PRODUCTS_DIR}/GoogleToolboxForMac/GoogleToolboxForMac.framework",
				"${BUILT_PRODUCTS_DIR}/nanopb/nanopb.framework",
			);
			name = "[CP] Embed Pods Frameworks";
			outputPaths = (
				"${TARGET_BUILD_DIR}/${FRAMEWORKS_FOLDER_PATH}/GoogleToolboxForMac.framework",
				"${TARGET_BUILD_DIR}/${FRAMEWORKS_FOLDER_PATH}/nanopb.framework",
			);
			runOnlyForDeploymentPostprocessing = 0;
			shellPath = /bin/sh;
			shellScript = "\"${SRCROOT}/Pods/Target Support Files/Pods-FibasePush/Pods-FibasePush-frameworks.sh\"\n";
			showEnvVarsInLog = 0;
		};
		E238D1BC22D9CEE23CCD1B0E /* [CP] Check Pods Manifest.lock */ = {
			isa = PBXShellScriptBuildPhase;
			buildActionMask = 2147483647;
			files = (
			);
			inputPaths = (
				"${PODS_PODFILE_DIR_PATH}/Podfile.lock",
				"${PODS_ROOT}/Manifest.lock",
			);
			name = "[CP] Check Pods Manifest.lock";
			outputPaths = (
				"$(DERIVED_FILE_DIR)/Pods-FibasePush-checkManifestLockResult.txt",
			);
			runOnlyForDeploymentPostprocessing = 0;
			shellPath = /bin/sh;
			shellScript = "diff \"${PODS_PODFILE_DIR_PATH}/Podfile.lock\" \"${PODS_ROOT}/Manifest.lock\" > /dev/null\nif [ $? != 0 ] ; then\n    # print error to STDERR\n    echo \"error: The sandbox is not in sync with the Podfile.lock. Run 'pod install' or update your CocoaPods installation.\" >&2\n    exit 1\nfi\n# This output is used by Xcode 'outputs' to avoid re-running this script phase.\necho \"SUCCESS\" > \"${SCRIPT_OUTPUT_FILE_0}\"\n";
			showEnvVarsInLog = 0;
		};
/* End PBXShellScriptBuildPhase section */

/* Begin PBXSourcesBuildPhase section */
		841D750721134AD70026A6CA /* Sources */ = {
			isa = PBXSourcesBuildPhase;
			buildActionMask = 2147483647;
			files = (
				841D751121134AD70026A6CA /* ViewController.swift in Sources */,
				841D750F21134AD70026A6CA /* AppDelegate.swift in Sources */,
			);
			runOnlyForDeploymentPostprocessing = 0;
		};
/* End PBXSourcesBuildPhase section */

/* Begin PBXVariantGroup section */
		841D751221134AD70026A6CA /* Main.storyboard */ = {
			isa = PBXVariantGroup;
			children = (
				841D751321134AD70026A6CA /* Base */,
			);
			name = Main.storyboard;
			sourceTree = "<group>";
		};
		841D751721134AD90026A6CA /* LaunchScreen.storyboard */ = {
			isa = PBXVariantGroup;
			children = (
				841D751821134AD90026A6CA /* Base */,
			);
			name = LaunchScreen.storyboard;
			sourceTree = "<group>";
		};
/* End PBXVariantGroup section */

/* Begin XCBuildConfiguration section */
		841D751B21134AD90026A6CA /* Debug */ = {
			isa = XCBuildConfiguration;
			buildSettings = {
				ALWAYS_SEARCH_USER_PATHS = NO;
				CLANG_ANALYZER_NONNULL = YES;
				CLANG_ANALYZER_NUMBER_OBJECT_CONVERSION = YES_AGGRESSIVE;
				CLANG_CXX_LANGUAGE_STANDARD = "gnu++14";
				CLANG_CXX_LIBRARY = "libc++";
				CLANG_ENABLE_MODULES = YES;
				CLANG_ENABLE_OBJC_ARC = YES;
				CLANG_ENABLE_OBJC_WEAK = YES;
				CLANG_WARN_BLOCK_CAPTURE_AUTORELEASING = YES;
				CLANG_WARN_BOOL_CONVERSION = YES;
				CLANG_WARN_COMMA = YES;
				CLANG_WARN_CONSTANT_CONVERSION = YES;
				CLANG_WARN_DEPRECATED_OBJC_IMPLEMENTATIONS = YES;
				CLANG_WARN_DIRECT_OBJC_ISA_USAGE = YES_ERROR;
				CLANG_WARN_DOCUMENTATION_COMMENTS = YES;
				CLANG_WARN_EMPTY_BODY = YES;
				CLANG_WARN_ENUM_CONVERSION = YES;
				CLANG_WARN_INFINITE_RECURSION = YES;
				CLANG_WARN_INT_CONVERSION = YES;
				CLANG_WARN_NON_LITERAL_NULL_CONVERSION = YES;
				CLANG_WARN_OBJC_IMPLICIT_RETAIN_SELF = YES;
				CLANG_WARN_OBJC_LITERAL_CONVERSION = YES;
				CLANG_WARN_OBJC_ROOT_CLASS = YES_ERROR;
				CLANG_WARN_RANGE_LOOP_ANALYSIS = YES;
				CLANG_WARN_STRICT_PROTOTYPES = YES;
				CLANG_WARN_SUSPICIOUS_MOVE = YES;
				CLANG_WARN_UNGUARDED_AVAILABILITY = YES_AGGRESSIVE;
				CLANG_WARN_UNREACHABLE_CODE = YES;
				CLANG_WARN__DUPLICATE_METHOD_MATCH = YES;
				CODE_SIGN_IDENTITY = "iPhone Developer";
				COPY_PHASE_STRIP = NO;
				DEBUG_INFORMATION_FORMAT = dwarf;
				ENABLE_STRICT_OBJC_MSGSEND = YES;
				ENABLE_TESTABILITY = YES;
				GCC_C_LANGUAGE_STANDARD = gnu11;
				GCC_DYNAMIC_NO_PIC = NO;
				GCC_NO_COMMON_BLOCKS = YES;
				GCC_OPTIMIZATION_LEVEL = 0;
				GCC_PREPROCESSOR_DEFINITIONS = (
					"DEBUG=1",
					"$(inherited)",
				);
				GCC_WARN_64_TO_32_BIT_CONVERSION = YES;
				GCC_WARN_ABOUT_RETURN_TYPE = YES_ERROR;
				GCC_WARN_UNDECLARED_SELECTOR = YES;
				GCC_WARN_UNINITIALIZED_AUTOS = YES_AGGRESSIVE;
				GCC_WARN_UNUSED_FUNCTION = YES;
				GCC_WARN_UNUSED_VARIABLE = YES;
				IPHONEOS_DEPLOYMENT_TARGET = 11.4;
				MTL_ENABLE_DEBUG_INFO = YES;
				ONLY_ACTIVE_ARCH = YES;
				SDKROOT = iphoneos;
				SWIFT_ACTIVE_COMPILATION_CONDITIONS = DEBUG;
				SWIFT_OPTIMIZATION_LEVEL = "-Onone";
			};
			name = Debug;
		};
		841D751C21134AD90026A6CA /* Release */ = {
			isa = XCBuildConfiguration;
			buildSettings = {
				ALWAYS_SEARCH_USER_PATHS = NO;
				CLANG_ANALYZER_NONNULL = YES;
				CLANG_ANALYZER_NUMBER_OBJECT_CONVERSION = YES_AGGRESSIVE;
				CLANG_CXX_LANGUAGE_STANDARD = "gnu++14";
				CLANG_CXX_LIBRARY = "libc++";
				CLANG_ENABLE_MODULES = YES;
				CLANG_ENABLE_OBJC_ARC = YES;
				CLANG_ENABLE_OBJC_WEAK = YES;
				CLANG_WARN_BLOCK_CAPTURE_AUTORELEASING = YES;
				CLANG_WARN_BOOL_CONVERSION = YES;
				CLANG_WARN_COMMA = YES;
				CLANG_WARN_CONSTANT_CONVERSION = YES;
				CLANG_WARN_DEPRECATED_OBJC_IMPLEMENTATIONS = YES;
				CLANG_WARN_DIRECT_OBJC_ISA_USAGE = YES_ERROR;
				CLANG_WARN_DOCUMENTATION_COMMENTS = YES;
				CLANG_WARN_EMPTY_BODY = YES;
				CLANG_WARN_ENUM_CONVERSION = YES;
				CLANG_WARN_INFINITE_RECURSION = YES;
				CLANG_WARN_INT_CONVERSION = YES;
				CLANG_WARN_NON_LITERAL_NULL_CONVERSION = YES;
				CLANG_WARN_OBJC_IMPLICIT_RETAIN_SELF = YES;
				CLANG_WARN_OBJC_LITERAL_CONVERSION = YES;
				CLANG_WARN_OBJC_ROOT_CLASS = YES_ERROR;
				CLANG_WARN_RANGE_LOOP_ANALYSIS = YES;
				CLANG_WARN_STRICT_PROTOTYPES = YES;
				CLANG_WARN_SUSPICIOUS_MOVE = YES;
				CLANG_WARN_UNGUARDED_AVAILABILITY = YES_AGGRESSIVE;
				CLANG_WARN_UNREACHABLE_CODE = YES;
				CLANG_WARN__DUPLICATE_METHOD_MATCH = YES;
				CODE_SIGN_IDENTITY = "iPhone Developer";
				COPY_PHASE_STRIP = NO;
				DEBUG_INFORMATION_FORMAT = "dwarf-with-dsym";
				ENABLE_NS_ASSERTIONS = NO;
				ENABLE_STRICT_OBJC_MSGSEND = YES;
				GCC_C_LANGUAGE_STANDARD = gnu11;
				GCC_NO_COMMON_BLOCKS = YES;
				GCC_WARN_64_TO_32_BIT_CONVERSION = YES;
				GCC_WARN_ABOUT_RETURN_TYPE = YES_ERROR;
				GCC_WARN_UNDECLARED_SELECTOR = YES;
				GCC_WARN_UNINITIALIZED_AUTOS = YES_AGGRESSIVE;
				GCC_WARN_UNUSED_FUNCTION = YES;
				GCC_WARN_UNUSED_VARIABLE = YES;
				IPHONEOS_DEPLOYMENT_TARGET = 11.4;
				MTL_ENABLE_DEBUG_INFO = NO;
				SDKROOT = iphoneos;
				SWIFT_COMPILATION_MODE = wholemodule;
				SWIFT_OPTIMIZATION_LEVEL = "-O";
				VALIDATE_PRODUCT = YES;
			};
			name = Release;
		};
		841D751E21134AD90026A6CA /* Debug */ = {
			isa = XCBuildConfiguration;
			baseConfigurationReference = 3192D8599F758AE4AD88542F /* Pods-FibasePush.debug.xcconfig */;
			buildSettings = {
				ASSETCATALOG_COMPILER_APPICON_NAME = AppIcon;
				CODE_SIGN_STYLE = Automatic;
				INFOPLIST_FILE = FibasePush/Info.plist;
				LD_RUNPATH_SEARCH_PATHS = (
					"$(inherited)",
					"@executable_path/Frameworks",
				);
				PRODUCT_BUNDLE_IDENTIFIER = com.dmstudio.FibasePush;
				PRODUCT_NAME = "$(TARGET_NAME)";
				SWIFT_VERSION = 4.0;
				TARGETED_DEVICE_FAMILY = "1,2";
			};
			name = Debug;
		};
		841D751F21134AD90026A6CA /* Release */ = {
			isa = XCBuildConfiguration;
			baseConfigurationReference = F2ED3DC141F14F0EB707C8FC /* Pods-FibasePush.release.xcconfig */;
			buildSettings = {
				ASSETCATALOG_COMPILER_APPICON_NAME = AppIcon;
				CODE_SIGN_STYLE = Automatic;
				INFOPLIST_FILE = FibasePush/Info.plist;
				LD_RUNPATH_SEARCH_PATHS = (
					"$(inherited)",
					"@executable_path/Frameworks",
				);
				PRODUCT_BUNDLE_IDENTIFIER = com.dmstudio.FibasePush;
				PRODUCT_NAME = "$(TARGET_NAME)";
				SWIFT_VERSION = 4.0;
				TARGETED_DEVICE_FAMILY = "1,2";
			};
			name = Release;
		};
/* End XCBuildConfiguration section */

/* Begin XCConfigurationList section */
		841D750621134AD70026A6CA /* Build configuration list for PBXProject "FibasePush" */ = {
			isa = XCConfigurationList;
			buildConfigurations = (
				841D751B21134AD90026A6CA /* Debug */,
				841D751C21134AD90026A6CA /* Release */,
			);
			defaultConfigurationIsVisible = 0;
			defaultConfigurationName = Release;
		};
		841D751D21134AD90026A6CA /* Build configuration list for PBXNativeTarget "FibasePush" */ = {
			isa = XCConfigurationList;
			buildConfigurations = (
				841D751E21134AD90026A6CA /* Debug */,
				841D751F21134AD90026A6CA /* Release */,
			);
			defaultConfigurationIsVisible = 0;
			defaultConfigurationName = Release;
		};
/* End XCConfigurationList section */
	};
	rootObject = 841D750321134AD70026A6CA /* Project object */;
}
